
Microsoft Visual Studio Solution File, Format Version 12.00
# Visual Studio Version 16
VisualStudioVersion = 16.0.32510.428
MinimumVisualStudioVersion = 10.0.40219.1
Project("{FAE04EC0-301F-11D3-BF4B-00C04F79EFBC}") = "MyTestDemo", "MyTestDemo\MyTestDemo.csproj", "{C2B8F17C-74D0-475C-B8CF-B3DB0FC8D620}"
EndProject
Global
	GlobalSection(SolutionConfigurationPlatforms) = preSolution
		Debug|Any CPU = Debug|Any CPU
		Release|Any CPU = Release|Any CPU
	EndGlobalSection
	GlobalSection(ProjectConfigurationPlatforms) = postSolution
		{C2B8F17C-74D0-475C-B8CF-B3DB0FC8D620}.Debug|Any CPU.ActiveCfg = Debug|Any CPU
		{C2B8F17C-74D0-475C-B8CF-B3DB0FC8D620}.Debug|Any CPU.Build.0 = Debug|Any CPU
		{C2B8F17C-74D0-475C-B8CF-B3DB0FC8D620}.Release|Any CPU.ActiveCfg = Release|Any CPU
		{C2B8F17C-74D0-475C-B8CF-B3DB0FC8D620}.Release|Any CPU.Build.0 = Release|Any CPU
	EndGlobalSection
	GlobalSection(SolutionProperties) = preSolution
		HideSolutionNode = FALSE
	EndGlobalSection
	GlobalSection(ExtensibilityGlobals) = postSolution
		SolutionGuid = {0CAC1854-989E-45E9-8490-F9FDB66A9F78}
	EndGlobalSection
EndGlobal
